
Microsoft Visual Studio Solution File, Format Version 12.00
# Visual Studio Version 17
VisualStudioVersion = 17.4.33205.214
MinimumVisualStudioVersion = 10.0.40219.1
Project("{9A19103F-16F7-4668-BE54-9A1E7A4F7556}") = "NorthwindAPI", "NorthwindAPI\NorthwindAPI.csproj", "{7BDB4BFC-1FC3-42C3-B453-ED10C7E3AB43}"
EndProject
Project("{9A19103F-16F7-4668-BE54-9A1E7A4F7556}") = "Northwind", "Northwind\Northwind.csproj", "{E1E1F0B8-2BE4-4264-98F8-8A8F64E3D8E0}"
EndProject
Global
	GlobalSection(SolutionConfigurationPlatforms) = preSolution
		Debug|Any CPU = Debug|Any CPU
		Release|Any CPU = Release|Any CPU
	EndGlobalSection
	GlobalSection(ProjectConfigurationPlatforms) = postSolution
		{7BDB4BFC-1FC3-42C3-B453-ED10C7E3AB43}.Debug|Any CPU.ActiveCfg = Debug|Any CPU
		{7BDB4BFC-1FC3-42C3-B453-ED10C7E3AB43}.Debug|Any CPU.Build.0 = Debug|Any CPU
		{7BDB4BFC-1FC3-42C3-B453-ED10C7E3AB43}.Release|Any CPU.ActiveCfg = Release|Any CPU
		{7BDB4BFC-1FC3-42C3-B453-ED10C7E3AB43}.Release|Any CPU.Build.0 = Release|Any CPU
		{E1E1F0B8-2BE4-4264-98F8-8A8F64E3D8E0}.Debug|Any CPU.ActiveCfg = Debug|Any CPU
		{E1E1F0B8-2BE4-4264-98F8-8A8F64E3D8E0}.Debug|Any CPU.Build.0 = Debug|Any CPU
		{E1E1F0B8-2BE4-4264-98F8-8A8F64E3D8E0}.Release|Any CPU.ActiveCfg = Release|Any CPU
		{E1E1F0B8-2BE4-4264-98F8-8A8F64E3D8E0}.Release|Any CPU.Build.0 = Release|Any CPU
	EndGlobalSection
	GlobalSection(SolutionProperties) = preSolution
		HideSolutionNode = FALSE
	EndGlobalSection
	GlobalSection(ExtensibilityGlobals) = postSolution
		SolutionGuid = {56B84364-A73E-4E11-9580-F596B7B0743D}
	EndGlobalSection
EndGlobal
